# THIS IS AN AUTOGENERATED FILE. DO NOT EDIT THIS FILE DIRECTLY.
# yarn lockfile v1


chroma-js@^2.4.2:
  version "2.4.2"
  resolved "https://registry.yarnpkg.com/chroma-js/-/chroma-js-2.4.2.tgz#dffc214ed0c11fa8eefca2c36651d8e57cbfb2b0"
  integrity sha512-U9eDw6+wt7V8z5NncY2jJfZa+hUH8XEj8FQHgFJTrUFnJfXYf4Ml4adI2vXZOjqRDpFWtYVWypDfZwnJ+HIR4A==

tweakpane@^4.0.1:
  version "4.0.1"
  resolved "https://registry.yarnpkg.com/tweakpane/-/tweakpane-4.0.1.tgz#36d8730fa1d44c07da278760e16562505657929a"
  integrity sha512-1JmmGbF4h2zuFbpN1XfIWcV0kLbBUgSXpR1QtW19vJFx44asnCrufRSvd69OItOFMEWgbVtoiWM2uDPUEUKcMQ==
